
Microsoft Visual Studio Solution File, Format Version 12.00
# Visual Studio 14
VisualStudioVersion = 14.0.25420.1
MinimumVisualStudioVersion = 10.0.40219.1
Project("{2150E333-8FDC-42A3-9474-1A3956D46DE8}") = "Services", "Services", "{1EBD6130-44DE-49CB-AC9E-09CC1246D896}"
EndProject
Project("{2150E333-8FDC-42A3-9474-1A3956D46DE8}") = "Controlles", "Controlles", "{64B8C272-4813-49BA-92B7-57CFEF5FF3B7}"
EndProject
Project("{2150E333-8FDC-42A3-9474-1A3956D46DE8}") = "Ui", "Ui", "{29A0887B-B0EF-40A5-9A5F-4EFA309E7EDA}"
EndProject
Project("{FAE04EC0-301F-11D3-BF4B-00C04F79EFBC}") = "MB.GameUI", "MB.GameUI\MB.GameUI.csproj", "{7C9D111D-F6FE-4E83-B6EC-41FA6F69F231}"
EndProject
Project("{FAE04EC0-301F-11D3-BF4B-00C04F79EFBC}") = "MB.Services", "MB.Services\MB.Services.csproj", "{D5EAC0D4-899A-4804-AC79-FF8AA785614C}"
EndProject
Project("{2150E333-8FDC-42A3-9474-1A3956D46DE8}") = "Common", "Common", "{B153A453-D0A0-4425-9330-B11D146C71A9}"
EndProject
Project("{FAE04EC0-301F-11D3-BF4B-00C04F79EFBC}") = "MB.Common", "MB.Common\MB.Common.csproj", "{E2B50358-3615-4D52-898F-985C9BD824AB}"
EndProject
Project("{FAE04EC0-301F-11D3-BF4B-00C04F79EFBC}") = "MB.Controlles", "MB.Controlles\MB.Controlles.csproj", "{05A9D0AC-553D-4C9C-BBC6-50F2D63F7D33}"
EndProject
Project("{2150E333-8FDC-42A3-9474-1A3956D46DE8}") = "Code", "Code", "{C40597FB-5B2A-43D2-ABAB-A7DAEA0FF0CE}"
EndProject
Project("{FAE04EC0-301F-11D3-BF4B-00C04F79EFBC}") = "MB.Code.Mvc", "MB.Code.Mvc\MB.Code.Mvc.csproj", "{D6D8813F-A44C-46ED-9C2A-3A040AC1E63F}"
EndProject
Project("{FAE04EC0-301F-11D3-BF4B-00C04F79EFBC}") = "MB.Code.Common", "MB.Code.Common\MB.Code.Common.csproj", "{BAAA0D0E-E0DA-4372-869B-3640F11EB745}"
EndProject
Project("{FAE04EC0-301F-11D3-BF4B-00C04F79EFBC}") = "MB.Code.Caching", "MB.Code.Caching\MB.Code.Caching.csproj", "{3EAB9CFF-BF6E-47E2-8F7A-EE8C51D3F03C}"
EndProject
Global
	GlobalSection(SolutionConfigurationPlatforms) = preSolution
		Debug|Any CPU = Debug|Any CPU
		Release|Any CPU = Release|Any CPU
	EndGlobalSection
	GlobalSection(ProjectConfigurationPlatforms) = postSolution
		{7C9D111D-F6FE-4E83-B6EC-41FA6F69F231}.Debug|Any CPU.ActiveCfg = Debug|Any CPU
		{7C9D111D-F6FE-4E83-B6EC-41FA6F69F231}.Debug|Any CPU.Build.0 = Debug|Any CPU
		{7C9D111D-F6FE-4E83-B6EC-41FA6F69F231}.Release|Any CPU.ActiveCfg = Release|Any CPU
		{7C9D111D-F6FE-4E83-B6EC-41FA6F69F231}.Release|Any CPU.Build.0 = Release|Any CPU
		{D5EAC0D4-899A-4804-AC79-FF8AA785614C}.Debug|Any CPU.ActiveCfg = Debug|Any CPU
		{D5EAC0D4-899A-4804-AC79-FF8AA785614C}.Debug|Any CPU.Build.0 = Debug|Any CPU
		{D5EAC0D4-899A-4804-AC79-FF8AA785614C}.Release|Any CPU.ActiveCfg = Release|Any CPU
		{D5EAC0D4-899A-4804-AC79-FF8AA785614C}.Release|Any CPU.Build.0 = Release|Any CPU
		{E2B50358-3615-4D52-898F-985C9BD824AB}.Debug|Any CPU.ActiveCfg = Debug|Any CPU
		{E2B50358-3615-4D52-898F-985C9BD824AB}.Debug|Any CPU.Build.0 = Debug|Any CPU
		{E2B50358-3615-4D52-898F-985C9BD824AB}.Release|Any CPU.ActiveCfg = Release|Any CPU
		{E2B50358-3615-4D52-898F-985C9BD824AB}.Release|Any CPU.Build.0 = Release|Any CPU
		{05A9D0AC-553D-4C9C-BBC6-50F2D63F7D33}.Debug|Any CPU.ActiveCfg = Debug|Any CPU
		{05A9D0AC-553D-4C9C-BBC6-50F2D63F7D33}.Debug|Any CPU.Build.0 = Debug|Any CPU
		{05A9D0AC-553D-4C9C-BBC6-50F2D63F7D33}.Release|Any CPU.ActiveCfg = Release|Any CPU
		{05A9D0AC-553D-4C9C-BBC6-50F2D63F7D33}.Release|Any CPU.Build.0 = Release|Any CPU
		{D6D8813F-A44C-46ED-9C2A-3A040AC1E63F}.Debug|Any CPU.ActiveCfg = Debug|Any CPU
		{D6D8813F-A44C-46ED-9C2A-3A040AC1E63F}.Debug|Any CPU.Build.0 = Debug|Any CPU
		{D6D8813F-A44C-46ED-9C2A-3A040AC1E63F}.Release|Any CPU.ActiveCfg = Release|Any CPU
		{D6D8813F-A44C-46ED-9C2A-3A040AC1E63F}.Release|Any CPU.Build.0 = Release|Any CPU
		{BAAA0D0E-E0DA-4372-869B-3640F11EB745}.Debug|Any CPU.ActiveCfg = Debug|Any CPU
		{BAAA0D0E-E0DA-4372-869B-3640F11EB745}.Debug|Any CPU.Build.0 = Debug|Any CPU
		{BAAA0D0E-E0DA-4372-869B-3640F11EB745}.Release|Any CPU.ActiveCfg = Release|Any CPU
		{BAAA0D0E-E0DA-4372-869B-3640F11EB745}.Release|Any CPU.Build.0 = Release|Any CPU
		{3EAB9CFF-BF6E-47E2-8F7A-EE8C51D3F03C}.Debug|Any CPU.ActiveCfg = Debug|Any CPU
		{3EAB9CFF-BF6E-47E2-8F7A-EE8C51D3F03C}.Debug|Any CPU.Build.0 = Debug|Any CPU
		{3EAB9CFF-BF6E-47E2-8F7A-EE8C51D3F03C}.Release|Any CPU.ActiveCfg = Release|Any CPU
		{3EAB9CFF-BF6E-47E2-8F7A-EE8C51D3F03C}.Release|Any CPU.Build.0 = Release|Any CPU
	EndGlobalSection
	GlobalSection(SolutionProperties) = preSolution
		HideSolutionNode = FALSE
	EndGlobalSection
	GlobalSection(NestedProjects) = preSolution
		{7C9D111D-F6FE-4E83-B6EC-41FA6F69F231} = {29A0887B-B0EF-40A5-9A5F-4EFA309E7EDA}
		{D5EAC0D4-899A-4804-AC79-FF8AA785614C} = {1EBD6130-44DE-49CB-AC9E-09CC1246D896}
		{E2B50358-3615-4D52-898F-985C9BD824AB} = {B153A453-D0A0-4425-9330-B11D146C71A9}
		{05A9D0AC-553D-4C9C-BBC6-50F2D63F7D33} = {64B8C272-4813-49BA-92B7-57CFEF5FF3B7}
		{D6D8813F-A44C-46ED-9C2A-3A040AC1E63F} = {C40597FB-5B2A-43D2-ABAB-A7DAEA0FF0CE}
		{BAAA0D0E-E0DA-4372-869B-3640F11EB745} = {C40597FB-5B2A-43D2-ABAB-A7DAEA0FF0CE}
		{3EAB9CFF-BF6E-47E2-8F7A-EE8C51D3F03C} = {C40597FB-5B2A-43D2-ABAB-A7DAEA0FF0CE}
	EndGlobalSection
EndGlobal
